// !$*UTF8*$!
{
	archiveVersion = 1;
	classes = {
	};
	objectVersion = 46;
	objects = {

/* Begin PBXBuildFile section */
		E59949E04C0FB0CF28924A64 /* libPods-webc.a in Frameworks */ = {isa = PBXBuildFile; fileRef = 797D7C7CCC6F6B4928B84BFD /* libPods-webc.a */; };
		FC1C9BA01F4E973B004D6040 /* test.html in Resources */ = {isa = PBXBuildFile; fileRef = FC1C9B9F1F4E973B004D6040 /* test.html */; };
		FC214C971F4BDC66001C2626 /* ProcessLineView.m in Sources */ = {isa = PBXBuildFile; fileRef = FC214C961F4BDC66001C2626 /* ProcessLineView.m */; };
		FC2531371F4AD86C007CCBBA /* Logger.m in Sources */ = {isa = PBXBuildFile; fileRef = FC2531361F4AD86C007CCBBA /* Logger.m */; };
		FC4849D71F45362A004A92FC /* RootViewController.m in Sources */ = {isa = PBXBuildFile; fileRef = FC4849D61F45362A004A92FC /* RootViewController.m */; };
		FC8BC73F1F453488009965AF /* main.m in Sources */ = {isa = PBXBuildFile; fileRef = FC8BC73E1F453488009965AF /* main.m */; };
		FC8BC7421F453488009965AF /* AppDelegate.m in Sources */ = {isa = PBXBuildFile; fileRef = FC8BC7411F453488009965AF /* AppDelegate.m */; };
		FC8BC7481F453488009965AF /* Main.storyboard in Resources */ = {isa = PBXBuildFile; fileRef = FC8BC7461F453488009965AF /* Main.storyboard */; };
		FC8BC74A1F453488009965AF /* Assets.xcassets in Resources */ = {isa = PBXBuildFile; fileRef = FC8BC7491F453488009965AF /* Assets.xcassets */; };
		FC8BC74D1F453488009965AF /* LaunchScreen.storyboard in Resources */ = {isa = PBXBuildFile; fileRef = FC8BC74B1F453488009965AF /* LaunchScreen.storyboard */; };
		FC92DC661F4A87F3008F29DB /* ContainerViewController.m in Sources */ = {isa = PBXBuildFile; fileRef = FC92DC651F4A87F3008F29DB /* ContainerViewController.m */; };
		FCC2E5C41F4C042D00C17C12 /* HybridProtocal.m in Sources */ = {isa = PBXBuildFile; fileRef = FCC2E5C31F4C042D00C17C12 /* HybridProtocal.m */; };
		FCC2E5C71F4C2D1D00C17C12 /* ResourceManage.m in Sources */ = {isa = PBXBuildFile; fileRef = FCC2E5C61F4C2D1D00C17C12 /* ResourceManage.m */; };
/* End PBXBuildFile section */

/* Begin PBXFileReference section */
		339DD447CB9D5E260DE19807 /* Pods-webc.release.xcconfig */ = {isa = PBXFileReference; includeInIndex = 1; lastKnownFileType = text.xcconfig; name = "Pods-webc.release.xcconfig"; path = "Pods/Target Support Files/Pods-webc/Pods-webc.release.xcconfig"; sourceTree = "<group>"; };
		5820676B71342D9F3C6626F5 /* Pods-webc.debug.xcconfig */ = {isa = PBXFileReference; includeInIndex = 1; lastKnownFileType = text.xcconfig; name = "Pods-webc.debug.xcconfig"; path = "Pods/Target Support Files/Pods-webc/Pods-webc.debug.xcconfig"; sourceTree = "<group>"; };
		797D7C7CCC6F6B4928B84BFD /* libPods-webc.a */ = {isa = PBXFileReference; explicitFileType = archive.ar; includeInIndex = 0; path = "libPods-webc.a"; sourceTree = BUILT_PRODUCTS_DIR; };
		FC1C9B9F1F4E973B004D6040 /* test.html */ = {isa = PBXFileReference; fileEncoding = 4; lastKnownFileType = text.html; path = test.html; sourceTree = "<group>"; };
		FC214C951F4BDC66001C2626 /* ProcessLineView.h */ = {isa = PBXFileReference; fileEncoding = 4; lastKnownFileType = sourcecode.c.h; path = ProcessLineView.h; sourceTree = "<group>"; };
		FC214C961F4BDC66001C2626 /* ProcessLineView.m */ = {isa = PBXFileReference; fileEncoding = 4; lastKnownFileType = sourcecode.c.objc; path = ProcessLineView.m; sourceTree = "<group>"; };
		FC2531351F4AD86C007CCBBA /* Logger.h */ = {isa = PBXFileReference; fileEncoding = 4; lastKnownFileType = sourcecode.c.h; name = Logger.h; path = webc/Logger.h; sourceTree = "<group>"; };
		FC2531361F4AD86C007CCBBA /* Logger.m */ = {isa = PBXFileReference; fileEncoding = 4; lastKnownFileType = sourcecode.c.objc; name = Logger.m; path = webc/Logger.m; sourceTree = "<group>"; };
		FC4849D51F45362A004A92FC /* RootViewController.h */ = {isa = PBXFileReference; fileEncoding = 4; lastKnownFileType = sourcecode.c.h; path = RootViewController.h; sourceTree = "<group>"; };
		FC4849D61F45362A004A92FC /* RootViewController.m */ = {isa = PBXFileReference; fileEncoding = 4; lastKnownFileType = sourcecode.c.objc; path = RootViewController.m; sourceTree = "<group>"; };
		FC8BC73A1F453488009965AF /* webc.app */ = {isa = PBXFileReference; explicitFileType = wrapper.application; includeInIndex = 0; path = webc.app; sourceTree = BUILT_PRODUCTS_DIR; };
		FC8BC73E1F453488009965AF /* main.m */ = {isa = PBXFileReference; lastKnownFileType = sourcecode.c.objc; path = main.m; sourceTree = "<group>"; };
		FC8BC7401F453488009965AF /* AppDelegate.h */ = {isa = PBXFileReference; lastKnownFileType = sourcecode.c.h; path = AppDelegate.h; sourceTree = "<group>"; };
		FC8BC7411F453488009965AF /* AppDelegate.m */ = {isa = PBXFileReference; lastKnownFileType = sourcecode.c.objc; path = AppDelegate.m; sourceTree = "<group>"; };
		FC8BC7471F453488009965AF /* Base */ = {isa = PBXFileReference; lastKnownFileType = file.storyboard; name = Base; path = Base.lproj/Main.storyboard; sourceTree = "<group>"; };
		FC8BC7491F453488009965AF /* Assets.xcassets */ = {isa = PBXFileReference; lastKnownFileType = folder.assetcatalog; path = Assets.xcassets; sourceTree = "<group>"; };
		FC8BC74C1F453488009965AF /* Base */ = {isa = PBXFileReference; lastKnownFileType = file.storyboard; name = Base; path = Base.lproj/LaunchScreen.storyboard; sourceTree = "<group>"; };
		FC8BC74E1F453488009965AF /* Info.plist */ = {isa = PBXFileReference; lastKnownFileType = text.plist.xml; path = Info.plist; sourceTree = "<group>"; };
		FC92DC641F4A87F3008F29DB /* ContainerViewController.h */ = {isa = PBXFileReference; fileEncoding = 4; lastKnownFileType = sourcecode.c.h; path = ContainerViewController.h; sourceTree = "<group>"; };
		FC92DC651F4A87F3008F29DB /* ContainerViewController.m */ = {isa = PBXFileReference; fileEncoding = 4; lastKnownFileType = sourcecode.c.objc; path = ContainerViewController.m; sourceTree = "<group>"; };
		FCC2E5C21F4C042D00C17C12 /* HybridProtocal.h */ = {isa = PBXFileReference; fileEncoding = 4; lastKnownFileType = sourcecode.c.h; path = HybridProtocal.h; sourceTree = "<group>"; };
		FCC2E5C31F4C042D00C17C12 /* HybridProtocal.m */ = {isa = PBXFileReference; fileEncoding = 4; lastKnownFileType = sourcecode.c.objc; path = HybridProtocal.m; sourceTree = "<group>"; };
		FCC2E5C51F4C2D1D00C17C12 /* ResourceManage.h */ = {isa = PBXFileReference; fileEncoding = 4; lastKnownFileType = sourcecode.c.h; path = ResourceManage.h; sourceTree = "<group>"; };
		FCC2E5C61F4C2D1D00C17C12 /* ResourceManage.m */ = {isa = PBXFileReference; fileEncoding = 4; lastKnownFileType = sourcecode.c.objc; path = ResourceManage.m; sourceTree = "<group>"; };
/* End PBXFileReference section */

/* Begin PBXFrameworksBuildPhase section */
		FC8BC7371F453488009965AF /* Frameworks */ = {
			isa = PBXFrameworksBuildPhase;
			buildActionMask = 2147483647;
			files = (
				E59949E04C0FB0CF28924A64 /* libPods-webc.a in Frameworks */,
			);
			runOnlyForDeploymentPostprocessing = 0;
		};
/* End PBXFrameworksBuildPhase section */

/* Begin PBXGroup section */
		1C15488764B96C01ED735FF7 /* Frameworks */ = {
			isa = PBXGroup;
			children = (
				797D7C7CCC6F6B4928B84BFD /* libPods-webc.a */,
			);
			name = Frameworks;
			sourceTree = "<group>";
		};
		AE58B2C4B0A8B6F4845445EE /* Pods */ = {
			isa = PBXGroup;
			children = (
				5820676B71342D9F3C6626F5 /* Pods-webc.debug.xcconfig */,
				339DD447CB9D5E260DE19807 /* Pods-webc.release.xcconfig */,
			);
			name = Pods;
			sourceTree = "<group>";
		};
		FC8BC7311F453488009965AF = {
			isa = PBXGroup;
			children = (
				FC1C9B9F1F4E973B004D6040 /* test.html */,
				FC92DC631F4A8755008F29DB /* container */,
				FC8BC73C1F453488009965AF /* webc */,
				FC8BC73B1F453488009965AF /* Products */,
				AE58B2C4B0A8B6F4845445EE /* Pods */,
				1C15488764B96C01ED735FF7 /* Frameworks */,
			);
			sourceTree = "<group>";
		};
		FC8BC73B1F453488009965AF /* Products */ = {
			isa = PBXGroup;
			children = (
				FC8BC73A1F453488009965AF /* webc.app */,
			);
			name = Products;
			sourceTree = "<group>";
		};
		FC8BC73C1F453488009965AF /* webc */ = {
			isa = PBXGroup;
			children = (
				FC8BC7401F453488009965AF /* AppDelegate.h */,
				FC8BC7411F453488009965AF /* AppDelegate.m */,
				FC4849D51F45362A004A92FC /* RootViewController.h */,
				FC4849D61F45362A004A92FC /* RootViewController.m */,
				FC8BC7461F453488009965AF /* Main.storyboard */,
				FC8BC7491F453488009965AF /* Assets.xcassets */,
				FC8BC74B1F453488009965AF /* LaunchScreen.storyboard */,
				FC8BC74E1F453488009965AF /* Info.plist */,
				FC8BC73D1F453488009965AF /* Supporting Files */,
			);
			path = webc;
			sourceTree = "<group>";
		};
		FC8BC73D1F453488009965AF /* Supporting Files */ = {
			isa = PBXGroup;
			children = (
				FC8BC73E1F453488009965AF /* main.m */,
			);
			name = "Supporting Files";
			sourceTree = "<group>";
		};
		FC92DC631F4A8755008F29DB /* container */ = {
			isa = PBXGroup;
			children = (
				FCC2E5C51F4C2D1D00C17C12 /* ResourceManage.h */,
				FCC2E5C61F4C2D1D00C17C12 /* ResourceManage.m */,
				FC92DC641F4A87F3008F29DB /* ContainerViewController.h */,
				FC92DC651F4A87F3008F29DB /* ContainerViewController.m */,
				FC214C951F4BDC66001C2626 /* ProcessLineView.h */,
				FC214C961F4BDC66001C2626 /* ProcessLineView.m */,
				FC2531351F4AD86C007CCBBA /* Logger.h */,
				FC2531361F4AD86C007CCBBA /* Logger.m */,
				FCC2E5C21F4C042D00C17C12 /* HybridProtocal.h */,
				FCC2E5C31F4C042D00C17C12 /* HybridProtocal.m */,
			);
			name = container;
			sourceTree = "<group>";
		};
/* End PBXGroup section */

/* Begin PBXNativeTarget section */
		FC8BC7391F453488009965AF /* webc */ = {
			isa = PBXNativeTarget;
			buildConfigurationList = FC8BC7511F453488009965AF /* Build configuration list for PBXNativeTarget "webc" */;
			buildPhases = (
				55C7681EF7C0400F0D93EFF0 /* [CP] Check Pods Manifest.lock */,
				FC8BC7361F453488009965AF /* Sources */,
				FC8BC7371F453488009965AF /* Frameworks */,
				FC8BC7381F453488009965AF /* Resources */,
				F95119E27589593D24BCE2D6 /* [CP] Embed Pods Frameworks */,
				1230A5363D8FA0AF37212DE2 /* [CP] Copy Pods Resources */,
			);
			buildRules = (
			);
			dependencies = (
			);
			name = webc;
			productName = webc;
			productReference = FC8BC73A1F453488009965AF /* webc.app */;
			productType = "com.apple.product-type.application";
		};
/* End PBXNativeTarget section */

/* Begin PBXProject section */
		FC8BC7321F453488009965AF /* Project object */ = {
			isa = PBXProject;
			attributes = {
				LastUpgradeCheck = 0830;
				ORGANIZATIONNAME = "Long Zhou";
				TargetAttributes = {
					FC8BC7391F453488009965AF = {
						CreatedOnToolsVersion = 8.3.1;
						DevelopmentTeam = C89ZCUY868;
						ProvisioningStyle = Automatic;
					};
				};
			};
			buildConfigurationList = FC8BC7351F453488009965AF /* Build configuration list for PBXProject "webc" */;
			compatibilityVersion = "Xcode 3.2";
			developmentRegion = English;
			hasScannedForEncodings = 0;
			knownRegions = (
				en,
				Base,
			);
			mainGroup = FC8BC7311F453488009965AF;
			productRefGroup = FC8BC73B1F453488009965AF /* Products */;
			projectDirPath = "";
			projectRoot = "";
			targets = (
				FC8BC7391F453488009965AF /* webc */,
			);
		};
/* End PBXProject section */

/* Begin PBXResourcesBuildPhase section */
		FC8BC7381F453488009965AF /* Resources */ = {
			isa = PBXResourcesBuildPhase;
			buildActionMask = 2147483647;
			files = (
				FC1C9BA01F4E973B004D6040 /* test.html in Resources */,
				FC8BC74D1F453488009965AF /* LaunchScreen.storyboard in Resources */,
				FC8BC74A1F453488009965AF /* Assets.xcassets in Resources */,
				FC8BC7481F453488009965AF /* Main.storyboard in Resources */,
			);
			runOnlyForDeploymentPostprocessing = 0;
		};
/* End PBXResourcesBuildPhase section */

/* Begin PBXShellScriptBuildPhase section */
		1230A5363D8FA0AF37212DE2 /* [CP] Copy Pods Resources */ = {
			isa = PBXShellScriptBuildPhase;
			buildActionMask = 2147483647;
			files = (
			);
			inputPaths = (
			);
			name = "[CP] Copy Pods Resources";
			outputPaths = (
			);
			runOnlyForDeploymentPostprocessing = 0;
			shellPath = /bin/sh;
			shellScript = "\"${SRCROOT}/Pods/Target Support Files/Pods-webc/Pods-webc-resources.sh\"\n";
			showEnvVarsInLog = 0;
		};
		55C7681EF7C0400F0D93EFF0 /* [CP] Check Pods Manifest.lock */ = {
			isa = PBXShellScriptBuildPhase;
			buildActionMask = 2147483647;
			files = (
			);
			inputPaths = (
			);
			name = "[CP] Check Pods Manifest.lock";
			outputPaths = (
			);
			runOnlyForDeploymentPostprocessing = 0;
			shellPath = /bin/sh;
			shellScript = "diff \"${PODS_ROOT}/../Podfile.lock\" \"${PODS_ROOT}/Manifest.lock\" > /dev/null\nif [ $? != 0 ] ; then\n    # print error to STDERR\n    echo \"error: The sandbox is not in sync with the Podfile.lock. Run 'pod install' or update your CocoaPods installation.\" >&2\n    exit 1\nfi\n";
			showEnvVarsInLog = 0;
		};
		F95119E27589593D24BCE2D6 /* [CP] Embed Pods Frameworks */ = {
			isa = PBXShellScriptBuildPhase;
			buildActionMask = 2147483647;
			files = (
			);
			inputPaths = (
			);
			name = "[CP] Embed Pods Frameworks";
			outputPaths = (
			);
			runOnlyForDeploymentPostprocessing = 0;
			shellPath = /bin/sh;
			shellScript = "\"${SRCROOT}/Pods/Target Support Files/Pods-webc/Pods-webc-frameworks.sh\"\n";
			showEnvVarsInLog = 0;
		};
/* End PBXShellScriptBuildPhase section */

/* Begin PBXSourcesBuildPhase section */
		FC8BC7361F453488009965AF /* Sources */ = {
			isa = PBXSourcesBuildPhase;
			buildActionMask = 2147483647;
			files = (
				FC8BC7421F453488009965AF /* AppDelegate.m in Sources */,
				FC8BC73F1F453488009965AF /* main.m in Sources */,
				FC92DC661F4A87F3008F29DB /* ContainerViewController.m in Sources */,
				FC4849D71F45362A004A92FC /* RootViewController.m in Sources */,
				FCC2E5C71F4C2D1D00C17C12 /* ResourceManage.m in Sources */,
				FC214C971F4BDC66001C2626 /* ProcessLineView.m in Sources */,
				FC2531371F4AD86C007CCBBA /* Logger.m in Sources */,
				FCC2E5C41F4C042D00C17C12 /* HybridProtocal.m in Sources */,
			);
			runOnlyForDeploymentPostprocessing = 0;
		};
/* End PBXSourcesBuildPhase section */

/* Begin PBXVariantGroup section */
		FC8BC7461F453488009965AF /* Main.storyboard */ = {
			isa = PBXVariantGroup;
			children = (
				FC8BC7471F453488009965AF /* Base */,
			);
			name = Main.storyboard;
			sourceTree = "<group>";
		};
		FC8BC74B1F453488009965AF /* LaunchScreen.storyboard */ = {
			isa = PBXVariantGroup;
			children = (
				FC8BC74C1F453488009965AF /* Base */,
			);
			name = LaunchScreen.storyboard;
			sourceTree = "<group>";
		};
/* End PBXVariantGroup section */

/* Begin XCBuildConfiguration section */
		FC8BC74F1F453488009965AF /* Debug */ = {
			isa = XCBuildConfiguration;
			buildSettings = {
				ALWAYS_SEARCH_USER_PATHS = NO;
				CLANG_ANALYZER_NONNULL = YES;
				CLANG_ANALYZER_NUMBER_OBJECT_CONVERSION = YES_AGGRESSIVE;
				CLANG_CXX_LANGUAGE_STANDARD = "gnu++0x";
				CLANG_CXX_LIBRARY = "libc++";
				CLANG_ENABLE_MODULES = YES;
				CLANG_ENABLE_OBJC_ARC = YES;
				CLANG_WARN_BOOL_CONVERSION = YES;
				CLANG_WARN_CONSTANT_CONVERSION = YES;
				CLANG_WARN_DIRECT_OBJC_ISA_USAGE = YES_ERROR;
				CLANG_WARN_DOCUMENTATION_COMMENTS = YES;
				CLANG_WARN_EMPTY_BODY = YES;
				CLANG_WARN_ENUM_CONVERSION = YES;
				CLANG_WARN_INFINITE_RECURSION = YES;
				CLANG_WARN_INT_CONVERSION = YES;
				CLANG_WARN_OBJC_ROOT_CLASS = YES_ERROR;
				CLANG_WARN_SUSPICIOUS_MOVE = YES;
				CLANG_WARN_UNREACHABLE_CODE = YES;
				CLANG_WARN__DUPLICATE_METHOD_MATCH = YES;
				"CODE_SIGN_IDENTITY[sdk=iphoneos*]" = "iPhone Developer";
				COPY_PHASE_STRIP = NO;
				DEBUG_INFORMATION_FORMAT = dwarf;
				ENABLE_STRICT_OBJC_MSGSEND = YES;
				ENABLE_TESTABILITY = YES;
				GCC_C_LANGUAGE_STANDARD = gnu99;
				GCC_DYNAMIC_NO_PIC = NO;
				GCC_NO_COMMON_BLOCKS = YES;
				GCC_OPTIMIZATION_LEVEL = 0;
				GCC_PREPROCESSOR_DEFINITIONS = (
					"DEBUG=1",
					"$(inherited)",
				);
				GCC_WARN_64_TO_32_BIT_CONVERSION = YES;
				GCC_WARN_ABOUT_RETURN_TYPE = YES_ERROR;
				GCC_WARN_UNDECLARED_SELECTOR = YES;
				GCC_WARN_UNINITIALIZED_AUTOS = YES_AGGRESSIVE;
				GCC_WARN_UNUSED_FUNCTION = YES;
				GCC_WARN_UNUSED_VARIABLE = YES;
				IPHONEOS_DEPLOYMENT_TARGET = 10.3;
				MTL_ENABLE_DEBUG_INFO = YES;
				ONLY_ACTIVE_ARCH = YES;
				SDKROOT = iphoneos;
				TARGETED_DEVICE_FAMILY = "1,2";
			};
			name = Debug;
		};
		FC8BC7501F453488009965AF /* Release */ = {
			isa = XCBuildConfiguration;
			buildSettings = {
				ALWAYS_SEARCH_USER_PATHS = NO;
				CLANG_ANALYZER_NONNULL = YES;
				CLANG_ANALYZER_NUMBER_OBJECT_CONVERSION = YES_AGGRESSIVE;
				CLANG_CXX_LANGUAGE_STANDARD = "gnu++0x";
				CLANG_CXX_LIBRARY = "libc++";
				CLANG_ENABLE_MODULES = YES;
				CLANG_ENABLE_OBJC_ARC = YES;
				CLANG_WARN_BOOL_CONVERSION = YES;
				CLANG_WARN_CONSTANT_CONVERSION = YES;
				CLANG_WARN_DIRECT_OBJC_ISA_USAGE = YES_ERROR;
				CLANG_WARN_DOCUMENTATION_COMMENTS = YES;
				CLANG_WARN_EMPTY_BODY = YES;
				CLANG_WARN_ENUM_CONVERSION = YES;
				CLANG_WARN_INFINITE_RECURSION = YES;
				CLANG_WARN_INT_CONVERSION = YES;
				CLANG_WARN_OBJC_ROOT_CLASS = YES_ERROR;
				CLANG_WARN_SUSPICIOUS_MOVE = YES;
				CLANG_WARN_UNREACHABLE_CODE = YES;
				CLANG_WARN__DUPLICATE_METHOD_MATCH = YES;
				"CODE_SIGN_IDENTITY[sdk=iphoneos*]" = "iPhone Developer";
				COPY_PHASE_STRIP = NO;
				DEBUG_INFORMATION_FORMAT = "dwarf-with-dsym";
				ENABLE_NS_ASSERTIONS = NO;
				ENABLE_STRICT_OBJC_MSGSEND = YES;
				GCC_C_LANGUAGE_STANDARD = gnu99;
				GCC_NO_COMMON_BLOCKS = YES;
				GCC_WARN_64_TO_32_BIT_CONVERSION = YES;
				GCC_WARN_ABOUT_RETURN_TYPE = YES_ERROR;
				GCC_WARN_UNDECLARED_SELECTOR = YES;
				GCC_WARN_UNINITIALIZED_AUTOS = YES_AGGRESSIVE;
				GCC_WARN_UNUSED_FUNCTION = YES;
				GCC_WARN_UNUSED_VARIABLE = YES;
				IPHONEOS_DEPLOYMENT_TARGET = 10.3;
				MTL_ENABLE_DEBUG_INFO = NO;
				SDKROOT = iphoneos;
				TARGETED_DEVICE_FAMILY = "1,2";
				VALIDATE_PRODUCT = YES;
			};
			name = Release;
		};
		FC8BC7521F453488009965AF /* Debug */ = {
			isa = XCBuildConfiguration;
			baseConfigurationReference = 5820676B71342D9F3C6626F5 /* Pods-webc.debug.xcconfig */;
			buildSettings = {
				ASSETCATALOG_COMPILER_APPICON_NAME = AppIcon;
				DEVELOPMENT_TEAM = C89ZCUY868;
				INFOPLIST_FILE = webc/Info.plist;
				IPHONEOS_DEPLOYMENT_TARGET = 8.0;
				LD_RUNPATH_SEARCH_PATHS = "$(inherited) @executable_path/Frameworks";
				PRODUCT_BUNDLE_IDENTIFIER = lz.webc;
				PRODUCT_NAME = "$(TARGET_NAME)";
			};
			name = Debug;
		};
		FC8BC7531F453488009965AF /* Release */ = {
			isa = XCBuildConfiguration;
			baseConfigurationReference = 339DD447CB9D5E260DE19807 /* Pods-webc.release.xcconfig */;
			buildSettings = {
				ASSETCATALOG_COMPILER_APPICON_NAME = AppIcon;
				DEVELOPMENT_TEAM = C89ZCUY868;
				INFOPLIST_FILE = webc/Info.plist;
				IPHONEOS_DEPLOYMENT_TARGET = 8.0;
				LD_RUNPATH_SEARCH_PATHS = "$(inherited) @executable_path/Frameworks";
				PRODUCT_BUNDLE_IDENTIFIER = lz.webc;
				PRODUCT_NAME = "$(TARGET_NAME)";
			};
			name = Release;
		};
/* End XCBuildConfiguration section */

/* Begin XCConfigurationList section */
		FC8BC7351F453488009965AF /* Build configuration list for PBXProject "webc" */ = {
			isa = XCConfigurationList;
			buildConfigurations = (
				FC8BC74F1F453488009965AF /* Debug */,
				FC8BC7501F453488009965AF /* Release */,
			);
			defaultConfigurationIsVisible = 0;
			defaultConfigurationName = Release;
		};
		FC8BC7511F453488009965AF /* Build configuration list for PBXNativeTarget "webc" */ = {
			isa = XCConfigurationList;
			buildConfigurations = (
				FC8BC7521F453488009965AF /* Debug */,
				FC8BC7531F453488009965AF /* Release */,
			);
			defaultConfigurationIsVisible = 0;
			defaultConfigurationName = Release;
		};
/* End XCConfigurationList section */
	};
	rootObject = FC8BC7321F453488009965AF /* Project object */;
}
